
Microsoft Visual Studio Solution File, Format Version 12.00
# Visual Studio Version 17
VisualStudioVersion = 17.10.35122.118
MinimumVisualStudioVersion = 10.0.40219.1
Project("{2150E333-8FDC-42A3-9474-1A3956D46DE8}") = "Microservices", "Microservices", "{101EA987-6666-456D-A35A-D6DAF9AE82E1}"
EndProject
Project("{2150E333-8FDC-42A3-9474-1A3956D46DE8}") = "Orchestrator", "Orchestrator", "{D08BA1CF-B7B8-4F26-9DC5-8D06932D3530}"
EndProject
Project("{2150E333-8FDC-42A3-9474-1A3956D46DE8}") = "Common", "Common", "{6B141644-E69C-4924-901B-45656C803ED0}"
EndProject
Project("{9A19103F-16F7-4668-BE54-9A1E7A4F7556}") = "Randevucum.Authentication.Orchestrator.API", "Randevucum.Authentication.Orchestrator\Randevucum.Authentication.Orchestrator.API.csproj", "{165E5EDF-1FC2-42C3-B5E7-A04E8D4D9BAB}"
EndProject
Project("{2150E333-8FDC-42A3-9474-1A3956D46DE8}") = "OAuth2", "OAuth2", "{492B18E8-D1D8-4999-983C-7FA1E9936461}"
EndProject
Project("{9A19103F-16F7-4668-BE54-9A1E7A4F7556}") = "Randevucum.Authentication.Microservices.OAuth2.API", "Randevucum.Authentication.Microservices.OAuth2.API\Randevucum.Authentication.Microservices.OAuth2.API.csproj", "{AF1C8656-99F1-4589-9841-E68F9A3B9189}"
EndProject
Project("{E53339B2-1760-4266-BCC7-CA923CBCF16C}") = "docker-compose", "docker-compose.dcproj", "{F9F73EEF-9DBE-428F-89AF-064C83A49384}"
EndProject
Project("{9A19103F-16F7-4668-BE54-9A1E7A4F7556}") = "Randevucum.Authentication.Orchestrator.Domain", "Randevucum.Authentication.Orchestrator.Domain\Randevucum.Authentication.Orchestrator.Domain.csproj", "{F90FA4E7-BA83-454A-83BA-B666598DB529}"
EndProject
Project("{9A19103F-16F7-4668-BE54-9A1E7A4F7556}") = "Randevucum.Authentication.Orchestrator.Application", "Randevucum.Authentication.Orchestrator.Application\Randevucum.Authentication.Orchestrator.Application.csproj", "{A1B2A336-15DD-42C0-8354-4E0174C2E0A5}"
EndProject
Project("{9A19103F-16F7-4668-BE54-9A1E7A4F7556}") = "Randevucum.Authentication.Orchestrator.Infrastructure", "Randevucum.Authentication.Orchestrator.Infrastructure\Randevucum.Authentication.Orchestrator.Infrastructure.csproj", "{11867CE6-B918-4781-B4E2-53575A95BE36}"
EndProject
Project("{9A19103F-16F7-4668-BE54-9A1E7A4F7556}") = "Randevucum.Authentication.Orchestrator.Contracts", "Randevucum.Authentication.Orchestrator.Contracts\Randevucum.Authentication.Orchestrator.Contracts.csproj", "{0374D45F-B8C4-4F4B-B896-A4C4E7CF48EB}"
EndProject
Project("{9A19103F-16F7-4668-BE54-9A1E7A4F7556}") = "Randevucum.Authentication.Common", "Randevucum.Authentication.Common\Randevucum.Authentication.Common.csproj", "{03CC50A7-8720-4794-803D-9B2F8A19EE07}"
EndProject
Project("{9A19103F-16F7-4668-BE54-9A1E7A4F7556}") = "Randevucum.Authentication.Microservices.OAuth2.Application", "Randevucum.Authentication.Microservices.OAuth2.Application\Randevucum.Authentication.Microservices.OAuth2.Application.csproj", "{1564F7D2-9765-4329-B9DE-1EECA45A4661}"
EndProject
Project("{2150E333-8FDC-42A3-9474-1A3956D46DE8}") = "Basic", "Basic", "{233E69DE-E46E-4F63-B83A-0F1BDBC3C444}"
EndProject
Global
	GlobalSection(SolutionConfigurationPlatforms) = preSolution
		Debug|Any CPU = Debug|Any CPU
		Release|Any CPU = Release|Any CPU
	EndGlobalSection
	GlobalSection(ProjectConfigurationPlatforms) = postSolution
		{165E5EDF-1FC2-42C3-B5E7-A04E8D4D9BAB}.Debug|Any CPU.ActiveCfg = Debug|Any CPU
		{165E5EDF-1FC2-42C3-B5E7-A04E8D4D9BAB}.Debug|Any CPU.Build.0 = Debug|Any CPU
		{165E5EDF-1FC2-42C3-B5E7-A04E8D4D9BAB}.Release|Any CPU.ActiveCfg = Release|Any CPU
		{165E5EDF-1FC2-42C3-B5E7-A04E8D4D9BAB}.Release|Any CPU.Build.0 = Release|Any CPU
		{AF1C8656-99F1-4589-9841-E68F9A3B9189}.Debug|Any CPU.ActiveCfg = Debug|Any CPU
		{AF1C8656-99F1-4589-9841-E68F9A3B9189}.Debug|Any CPU.Build.0 = Debug|Any CPU
		{AF1C8656-99F1-4589-9841-E68F9A3B9189}.Release|Any CPU.ActiveCfg = Release|Any CPU
		{AF1C8656-99F1-4589-9841-E68F9A3B9189}.Release|Any CPU.Build.0 = Release|Any CPU
		{F9F73EEF-9DBE-428F-89AF-064C83A49384}.Debug|Any CPU.ActiveCfg = Debug|Any CPU
		{F9F73EEF-9DBE-428F-89AF-064C83A49384}.Debug|Any CPU.Build.0 = Debug|Any CPU
		{F9F73EEF-9DBE-428F-89AF-064C83A49384}.Release|Any CPU.ActiveCfg = Release|Any CPU
		{F9F73EEF-9DBE-428F-89AF-064C83A49384}.Release|Any CPU.Build.0 = Release|Any CPU
		{F90FA4E7-BA83-454A-83BA-B666598DB529}.Debug|Any CPU.ActiveCfg = Debug|Any CPU
		{F90FA4E7-BA83-454A-83BA-B666598DB529}.Debug|Any CPU.Build.0 = Debug|Any CPU
		{F90FA4E7-BA83-454A-83BA-B666598DB529}.Release|Any CPU.ActiveCfg = Release|Any CPU
		{F90FA4E7-BA83-454A-83BA-B666598DB529}.Release|Any CPU.Build.0 = Release|Any CPU
		{A1B2A336-15DD-42C0-8354-4E0174C2E0A5}.Debug|Any CPU.ActiveCfg = Debug|Any CPU
		{A1B2A336-15DD-42C0-8354-4E0174C2E0A5}.Debug|Any CPU.Build.0 = Debug|Any CPU
		{A1B2A336-15DD-42C0-8354-4E0174C2E0A5}.Release|Any CPU.ActiveCfg = Release|Any CPU
		{A1B2A336-15DD-42C0-8354-4E0174C2E0A5}.Release|Any CPU.Build.0 = Release|Any CPU
		{11867CE6-B918-4781-B4E2-53575A95BE36}.Debug|Any CPU.ActiveCfg = Debug|Any CPU
		{11867CE6-B918-4781-B4E2-53575A95BE36}.Debug|Any CPU.Build.0 = Debug|Any CPU
		{11867CE6-B918-4781-B4E2-53575A95BE36}.Release|Any CPU.ActiveCfg = Release|Any CPU
		{11867CE6-B918-4781-B4E2-53575A95BE36}.Release|Any CPU.Build.0 = Release|Any CPU
		{0374D45F-B8C4-4F4B-B896-A4C4E7CF48EB}.Debug|Any CPU.ActiveCfg = Debug|Any CPU
		{0374D45F-B8C4-4F4B-B896-A4C4E7CF48EB}.Debug|Any CPU.Build.0 = Debug|Any CPU
		{0374D45F-B8C4-4F4B-B896-A4C4E7CF48EB}.Release|Any CPU.ActiveCfg = Release|Any CPU
		{0374D45F-B8C4-4F4B-B896-A4C4E7CF48EB}.Release|Any CPU.Build.0 = Release|Any CPU
		{03CC50A7-8720-4794-803D-9B2F8A19EE07}.Debug|Any CPU.ActiveCfg = Debug|Any CPU
		{03CC50A7-8720-4794-803D-9B2F8A19EE07}.Debug|Any CPU.Build.0 = Debug|Any CPU
		{03CC50A7-8720-4794-803D-9B2F8A19EE07}.Release|Any CPU.ActiveCfg = Release|Any CPU
		{03CC50A7-8720-4794-803D-9B2F8A19EE07}.Release|Any CPU.Build.0 = Release|Any CPU
		{1564F7D2-9765-4329-B9DE-1EECA45A4661}.Debug|Any CPU.ActiveCfg = Debug|Any CPU
		{1564F7D2-9765-4329-B9DE-1EECA45A4661}.Debug|Any CPU.Build.0 = Debug|Any CPU
		{1564F7D2-9765-4329-B9DE-1EECA45A4661}.Release|Any CPU.ActiveCfg = Release|Any CPU
		{1564F7D2-9765-4329-B9DE-1EECA45A4661}.Release|Any CPU.Build.0 = Release|Any CPU
	EndGlobalSection
	GlobalSection(SolutionProperties) = preSolution
		HideSolutionNode = FALSE
	EndGlobalSection
	GlobalSection(NestedProjects) = preSolution
		{165E5EDF-1FC2-42C3-B5E7-A04E8D4D9BAB} = {D08BA1CF-B7B8-4F26-9DC5-8D06932D3530}
		{492B18E8-D1D8-4999-983C-7FA1E9936461} = {101EA987-6666-456D-A35A-D6DAF9AE82E1}
		{AF1C8656-99F1-4589-9841-E68F9A3B9189} = {492B18E8-D1D8-4999-983C-7FA1E9936461}
		{F90FA4E7-BA83-454A-83BA-B666598DB529} = {D08BA1CF-B7B8-4F26-9DC5-8D06932D3530}
		{A1B2A336-15DD-42C0-8354-4E0174C2E0A5} = {D08BA1CF-B7B8-4F26-9DC5-8D06932D3530}
		{11867CE6-B918-4781-B4E2-53575A95BE36} = {D08BA1CF-B7B8-4F26-9DC5-8D06932D3530}
		{0374D45F-B8C4-4F4B-B896-A4C4E7CF48EB} = {D08BA1CF-B7B8-4F26-9DC5-8D06932D3530}
		{03CC50A7-8720-4794-803D-9B2F8A19EE07} = {6B141644-E69C-4924-901B-45656C803ED0}
		{1564F7D2-9765-4329-B9DE-1EECA45A4661} = {492B18E8-D1D8-4999-983C-7FA1E9936461}
		{233E69DE-E46E-4F63-B83A-0F1BDBC3C444} = {101EA987-6666-456D-A35A-D6DAF9AE82E1}
	EndGlobalSection
	GlobalSection(ExtensibilityGlobals) = postSolution
		SolutionGuid = {E5749BFA-70B2-4F3A-8747-07F7E524D5F4}
	EndGlobalSection
EndGlobal
